{
    "_readme": [
        "This file locks the dependencies of your project to a known state",
        "Read more about it at https://getcomposer.org/doc/01-basic-usage.md#installing-dependencies",
        "This file is @generated automatically"
    ],
    "content-hash": "801a5518844b18819a91519b00356e2b",
    "packages": [
        {
            "name": "pakettikauppa/api-library",
            "version": "2.0.8",
            "source": {
                "type": "git",
                "url": "https://github.com/Pakettikauppa/api-library.git",
                "reference": "ad442aa21376a7abcdbb042938e81247f420bee1"
            },
            "dist": {
                "type": "zip",
                "url": "https://api.github.com/repos/Pakettikauppa/api-library/zipball/ad442aa21376a7abcdbb042938e81247f420bee1",
                "reference": "ad442aa21376a7abcdbb042938e81247f420bee1",
                "shasum": ""
            },
            "require": {
                "ext-curl": "*",
                "ext-json": "*",
                "ext-simplexml": "*"
            },
            "require-dev": {
                "phpunit/phpunit": "^9"
            },
            "type": "library",
            "autoload": {
                "psr-4": {
                    "Pakettikauppa\\": "src/Pakettikauppa",
                    "Tests\\Pakettikauppa\\": "src/Tests/Pakettikauppa"
                }
            },
            "notification-url": "https://packagist.org/downloads/",
            "license": [
                "MIT"
            ],
            "authors": [
                {
                    "name": "Joose Vettenranta",
                    "email": "joose.vettenranta@kompassi.fi"
                },
                {
                    "name": "Matti Särkikoski",
                    "email": "matti@pakettikauppa.fi"
                }
            ],
            "description": "Pakettikauppa API implementation",
            "homepage": "https://www.pakettikauppa.fi",
            "keywords": [
                "DB Schenker",
                "Pakettikauppa",
                "Smartship",
                "api",
                "matkahuolto",
                "posti",
                "smartpost"
            ],
            "support": {
                "email": "integration@pakettikauppa.fi",
                "issues": "https://github.com/Pakettikauppa/api-library/issues",
                "source": "https://github.com/Pakettikauppa/api-library/tree/2.0.8"
            },
            "time": "2026-06-23T12:01:22+00:00"
        }
    ],
    "packages-dev": [],
    "aliases": [],
    "minimum-stability": "dev",
    "stability-flags": {},
    "prefer-stable": false,
    "prefer-lowest": false,
    "platform": {},
    "platform-dev": {},
    "plugin-api-version": "2.6.0"
}
